
Microsoft Visual Studio Solution File, Format Version 12.00
Project("{2150E333-8FDC-42A3-9474-1A3956D46DE8}") = "src", "src", "{785B22D3-BD85-4ACA-93F5-5AFA7F219EC9}"
EndProject
Project("{2150E333-8FDC-42A3-9474-1A3956D46DE8}") = "test", "test", "{616016E8-BF62-4577-A50D-91EAB3B3220C}"
EndProject
Project("{2150E333-8FDC-42A3-9474-1A3956D46DE8}") = "Api", "Api", "{2540E4E4-196D-43B1-8392-71EC1FD11921}"
EndProject
Project("{2150E333-8FDC-42A3-9474-1A3956D46DE8}") = "Core", "Core", "{A7304D9E-4268-47FB-9FBD-2123B6346CE3}"
EndProject
Project("{2150E333-8FDC-42A3-9474-1A3956D46DE8}") = "Infrastructure", "Infrastructure", "{7B1EF0DA-FF9B-4AC9-965E-1241103C7D2F}"
EndProject
Project("{FAE04EC0-301F-11D3-BF4B-00C04F79EFBC}") = "CareLink.Api", "CareLink.Api\CareLink.Api.csproj", "{AE37A64A-EF24-41D7-9C11-7002B9F082B6}"
EndProject
Project("{FAE04EC0-301F-11D3-BF4B-00C04F79EFBC}") = "CareLink.Application", "CareLink.Application\CareLink.Application.csproj", "{6856C719-298D-4A7C-A169-BC9D8A9D93EF}"
EndProject
Project("{FAE04EC0-301F-11D3-BF4B-00C04F79EFBC}") = "CareLink.Domain", "CareLink.Domain\CareLink.Domain.csproj", "{19B26EFE-EF3A-4BA0-9AE3-0EE91DEACAFD}"
EndProject
Project("{FAE04EC0-301F-11D3-BF4B-00C04F79EFBC}") = "CareLink.Persistence", "CareLink.Persistence\CareLink.Persistence.csproj", "{BD34B706-ECDC-4888-8037-AC4166FE0531}"
EndProject
Project("{FAE04EC0-301F-11D3-BF4B-00C04F79EFBC}") = "CareLink.Security", "CareLink.Security\CareLink.Security.csproj", "{FF506B50-D023-49AC-AFDC-2F381C6B01ED}"
EndProject
Project("{FAE04EC0-301F-11D3-BF4B-00C04F79EFBC}") = "CareLink.UnitTests", "CareLink.UnitTests\CareLink.UnitTests.csproj", "{B035A407-A1CD-447C-914A-CB1BF63BE052}"
EndProject
Global
	GlobalSection(SolutionConfigurationPlatforms) = preSolution
		Debug|Any CPU = Debug|Any CPU
		Release|Any CPU = Release|Any CPU
	EndGlobalSection
	GlobalSection(NestedProjects) = preSolution
		{2540E4E4-196D-43B1-8392-71EC1FD11921} = {785B22D3-BD85-4ACA-93F5-5AFA7F219EC9}
		{A7304D9E-4268-47FB-9FBD-2123B6346CE3} = {785B22D3-BD85-4ACA-93F5-5AFA7F219EC9}
		{7B1EF0DA-FF9B-4AC9-965E-1241103C7D2F} = {785B22D3-BD85-4ACA-93F5-5AFA7F219EC9}
		{AE37A64A-EF24-41D7-9C11-7002B9F082B6} = {2540E4E4-196D-43B1-8392-71EC1FD11921}
		{6856C719-298D-4A7C-A169-BC9D8A9D93EF} = {A7304D9E-4268-47FB-9FBD-2123B6346CE3}
		{19B26EFE-EF3A-4BA0-9AE3-0EE91DEACAFD} = {A7304D9E-4268-47FB-9FBD-2123B6346CE3}
		{BD34B706-ECDC-4888-8037-AC4166FE0531} = {7B1EF0DA-FF9B-4AC9-965E-1241103C7D2F}
		{FF506B50-D023-49AC-AFDC-2F381C6B01ED} = {7B1EF0DA-FF9B-4AC9-965E-1241103C7D2F}
		{B035A407-A1CD-447C-914A-CB1BF63BE052} = {616016E8-BF62-4577-A50D-91EAB3B3220C}
	EndGlobalSection
	GlobalSection(ProjectConfigurationPlatforms) = postSolution
		{AE37A64A-EF24-41D7-9C11-7002B9F082B6}.Debug|Any CPU.ActiveCfg = Debug|Any CPU
		{AE37A64A-EF24-41D7-9C11-7002B9F082B6}.Debug|Any CPU.Build.0 = Debug|Any CPU
		{AE37A64A-EF24-41D7-9C11-7002B9F082B6}.Release|Any CPU.ActiveCfg = Release|Any CPU
		{AE37A64A-EF24-41D7-9C11-7002B9F082B6}.Release|Any CPU.Build.0 = Release|Any CPU
		{6856C719-298D-4A7C-A169-BC9D8A9D93EF}.Debug|Any CPU.ActiveCfg = Debug|Any CPU
		{6856C719-298D-4A7C-A169-BC9D8A9D93EF}.Debug|Any CPU.Build.0 = Debug|Any CPU
		{6856C719-298D-4A7C-A169-BC9D8A9D93EF}.Release|Any CPU.ActiveCfg = Release|Any CPU
		{6856C719-298D-4A7C-A169-BC9D8A9D93EF}.Release|Any CPU.Build.0 = Release|Any CPU
		{19B26EFE-EF3A-4BA0-9AE3-0EE91DEACAFD}.Debug|Any CPU.ActiveCfg = Debug|Any CPU
		{19B26EFE-EF3A-4BA0-9AE3-0EE91DEACAFD}.Debug|Any CPU.Build.0 = Debug|Any CPU
		{19B26EFE-EF3A-4BA0-9AE3-0EE91DEACAFD}.Release|Any CPU.ActiveCfg = Release|Any CPU
		{19B26EFE-EF3A-4BA0-9AE3-0EE91DEACAFD}.Release|Any CPU.Build.0 = Release|Any CPU
		{BD34B706-ECDC-4888-8037-AC4166FE0531}.Debug|Any CPU.ActiveCfg = Debug|Any CPU
		{BD34B706-ECDC-4888-8037-AC4166FE0531}.Debug|Any CPU.Build.0 = Debug|Any CPU
		{BD34B706-ECDC-4888-8037-AC4166FE0531}.Release|Any CPU.ActiveCfg = Release|Any CPU
		{BD34B706-ECDC-4888-8037-AC4166FE0531}.Release|Any CPU.Build.0 = Release|Any CPU
		{FF506B50-D023-49AC-AFDC-2F381C6B01ED}.Debug|Any CPU.ActiveCfg = Debug|Any CPU
		{FF506B50-D023-49AC-AFDC-2F381C6B01ED}.Debug|Any CPU.Build.0 = Debug|Any CPU
		{FF506B50-D023-49AC-AFDC-2F381C6B01ED}.Release|Any CPU.ActiveCfg = Release|Any CPU
		{FF506B50-D023-49AC-AFDC-2F381C6B01ED}.Release|Any CPU.Build.0 = Release|Any CPU
		{B035A407-A1CD-447C-914A-CB1BF63BE052}.Debug|Any CPU.ActiveCfg = Debug|Any CPU
		{B035A407-A1CD-447C-914A-CB1BF63BE052}.Debug|Any CPU.Build.0 = Debug|Any CPU
		{B035A407-A1CD-447C-914A-CB1BF63BE052}.Release|Any CPU.ActiveCfg = Release|Any CPU
		{B035A407-A1CD-447C-914A-CB1BF63BE052}.Release|Any CPU.Build.0 = Release|Any CPU
	EndGlobalSection
EndGlobal
